
Microsoft Visual Studio Solution File, Format Version 11.00
# Visual Studio 2010
Project("{FAE04EC0-301F-11D3-BF4B-00C04F79EFBC}") = "Excawater_Unity_Projekt", "Assembly-CSharp.csproj", "{ECE6ADD5-A8AC-4FB2-7350-5F263551C75A}"
EndProject
Global
	GlobalSection(SolutionConfigurationPlatforms) = preSolution
		Debug|Any CPU = Debug|Any CPU
		Release|Any CPU = Release|Any CPU
	EndGlobalSection
	GlobalSection(ProjectConfigurationPlatforms) = postSolution
		{ECE6ADD5-A8AC-4FB2-7350-5F263551C75A}.Debug|Any CPU.ActiveCfg = Debug|Any CPU
		{ECE6ADD5-A8AC-4FB2-7350-5F263551C75A}.Debug|Any CPU.Build.0 = Debug|Any CPU
		{ECE6ADD5-A8AC-4FB2-7350-5F263551C75A}.Release|Any CPU.ActiveCfg = Release|Any CPU
		{ECE6ADD5-A8AC-4FB2-7350-5F263551C75A}.Release|Any CPU.Build.0 = Release|Any CPU
	EndGlobalSection
	GlobalSection(SolutionProperties) = preSolution
		HideSolutionNode = FALSE
	EndGlobalSection
	GlobalSection(MonoDevelopProperties) = preSolution
		StartupItem = Assembly-CSharp.csproj
	EndGlobalSection
EndGlobal
